<?xml version="1.0" encoding="utf-8"?>
<Project ToolsVersion="4.0" xmlns="http://schemas.microsoft.com/developer/msbuild/2003">
  <ItemGroup>
    <Filter Include="ソース ファイル">
      <UniqueIdentifier>{4FC737F1-C7A5-4376-A066-2A32D752A2FF}</UniqueIdentifier>
      <Extensions>cpp;c;cc;cxx;def;odl;idl;hpj;bat;asm;asmx</Extensions>
    </Filter>
    <Filter Include="ヘッダー ファイル">
      <UniqueIdentifier>{93995380-89BD-4b04-88EB-625FBE52EBFB}</UniqueIdentifier>
      <Extensions>h;hh;hpp;hxx;hm;inl;inc;ipp;xsd</Extensions>
    </Filter>
    <Filter Include="ヘッダー ファイル\Actor">
      <UniqueIdentifier>{e34fd30f-c5af-4602-9411-8d9cca40e5dd}</UniqueIdentifier>
    </Filter>
    <Filter Include="ソース ファイル\Component">
      <UniqueIdentifier>{d460f7ae-59fb-44b2-9226-5c9f9ceab478}</UniqueIdentifier>
    </Filter>
    <Filter Include="ヘッダー ファイル\Component">
      <UniqueIdentifier>{3a455993-df5b-4dba-adfa-6029326dcf3f}</UniqueIdentifier>
    </Filter>
    <Filter Include="ソース ファイル\Scene">
      <UniqueIdentifier>{fd3bd34b-58b4-4265-b819-f1d770b46952}</UniqueIdentifier>
    </Filter>
    <Filter Include="ヘッダー ファイル\Scene">
      <UniqueIdentifier>{4deb8dff-f47f-4330-87a4-b11871f3e805}</UniqueIdentifier>
    </Filter>
    <Filter Include="リソース ファイル">
      <UniqueIdentifier>{67DA6AB6-F800-4c08-8B7A-83BB121AAD01}</UniqueIdentifier>
      <Extensions>rc;ico;cur;bmp;dlg;rc2;rct;bin;rgs;gif;jpg;jpeg;jpe;resx;tiff;tif;png;wav;mfcribbon-ms</Extensions>
    </Filter>
    <Filter Include="ヘッダー ファイル\Actor\Walls">
      <UniqueIdentifier>{067a2906-e4ca-4048-ac44-5c38e11c0adf}</UniqueIdentifier>
    </Filter>
    <Filter Include="ソース ファイル\Actor">
      <UniqueIdentifier>{75f7afe5-0784-447a-8a1f-91e9d2bb66ea}</UniqueIdentifier>
    </Filter>
    <Filter Include="ソース ファイル\Actor\Walls">
      <UniqueIdentifier>{94c47bb3-7b9a-41a2-9e4f-8efb685a2c33}</UniqueIdentifier>
    </Filter>
    <Filter Include="ソース ファイル\Actor\Walls\Wall">
      <UniqueIdentifier>{b1cbc5bb-fc47-45ea-a895-6d435ce1c118}</UniqueIdentifier>
    </Filter>
    <Filter Include="ヘッダー ファイル\Actor\Walls\Wall">
      <UniqueIdentifier>{868d6f4e-1638-425c-9d1f-ebd15a005f2f}</UniqueIdentifier>
    </Filter>
    <Filter Include="ソース ファイル\Actor\Effect">
      <UniqueIdentifier>{c89d09d0-914f-4b04-86bc-14f85ae520bd}</UniqueIdentifier>
    </Filter>
    <Filter Include="ヘッダー ファイル\Actor\Effect">
      <UniqueIdentifier>{573d763b-8930-4db4-aa9e-2b0c8880da0f}</UniqueIdentifier>
    </Filter>
    <Filter Include="ソース ファイル\Actor\BackGround">
      <UniqueIdentifier>{d62c13f3-c466-45b8-ac61-7e04d1509055}</UniqueIdentifier>
    </Filter>
    <Filter Include="ヘッダー ファイル\Actor\BackGround">
      <UniqueIdentifier>{39eb2fae-afa8-4ffb-af13-00b64f970009}</UniqueIdentifier>
    </Filter>
    <Filter Include="ヘッダー ファイル\Component\Move">
      <UniqueIdentifier>{59d67936-649b-4e95-abe5-c9db17f0a7f6}</UniqueIdentifier>
    </Filter>
    <Filter Include="ソース ファイル\Component\Move">
      <UniqueIdentifier>{f9c24aa3-74f9-47d8-a691-0da258a2e41c}</UniqueIdentifier>
    </Filter>
  </ItemGroup>
  <ItemGroup>
    <ClCompile Include="main.cpp">
      <Filter>ソース ファイル</Filter>
    </ClCompile>
    <ClCompile Include="Player.cpp">
      <Filter>ソース ファイル\Actor</Filter>
    </ClCompile>
    <ClCompile Include="Actor.cpp">
      <Filter>ソース ファイル\Actor</Filter>
    </ClCompile>
    <ClCompile Include="ModelComponent.cpp">
      <Filter>ソース ファイル\Component</Filter>
    </ClCompile>
    <ClCompile Include="Component.cpp">
      <Filter>ソース ファイル\Component</Filter>
    </ClCompile>
    <ClCompile Include="Clear.cpp">
      <Filter>ソース ファイル\Scene</Filter>
    </ClCompile>
    <ClCompile Include="Game.cpp">
      <Filter>ソース ファイル\Scene</Filter>
    </ClCompile>
    <ClCompile Include="Play.cpp">
      <Filter>ソース ファイル\Scene</Filter>
    </ClCompile>
    <ClCompile Include="Title.cpp">
      <Filter>ソース ファイル\Scene</Filter>
    </ClCompile>
    <ClCompile Include="BoxColliderComponent.cpp">
      <Filter>ソース ファイル\Component</Filter>
    </ClCompile>
    <ClCompile Include="SphereColliderComponent.cpp">
      <Filter>ソース ファイル\Component</Filter>
    </ClCompile>
    <ClCompile Include="CountDownComponent.cpp">
      <Filter>ソース ファイル\Component</Filter>
    </ClCompile>
    <ClCompile Include="ActorManager.cpp">
      <Filter>ソース ファイル\Actor</Filter>
    </ClCompile>
    <ClCompile Include="InputKey.cpp">
      <Filter>ソース ファイル</Filter>
    </ClCompile>
    <ClCompile Include="WallCreateAndHaver.cpp">
      <Filter>ソース ファイル\Actor\Walls</Filter>
    </ClCompile>
    <ClCompile Include="Renderer.cpp">
      <Filter>ソース ファイル\Actor</Filter>
    </ClCompile>
    <ClCompile Include="Collider.cpp">
      <Filter>ソース ファイル\Actor</Filter>
    </ClCompile>
    <ClCompile Include="GameSpeedManager.cpp">
      <Filter>ソース ファイル</Filter>
    </ClCompile>
    <ClCompile Include="AddPointWall.cpp">
      <Filter>ソース ファイル\Actor\Walls\Wall</Filter>
    </ClCompile>
    <ClCompile Include="AddSpeedWall.cpp">
      <Filter>ソース ファイル\Actor\Walls\Wall</Filter>
    </ClCompile>
    <ClCompile Include="JammerWall.cpp">
      <Filter>ソース ファイル\Actor\Walls\Wall</Filter>
    </ClCompile>
    <ClCompile Include="SuperWall.cpp">
      <Filter>ソース ファイル\Actor\Walls\Wall</Filter>
    </ClCompile>
    <ClCompile Include="Wall.cpp">
      <Filter>ソース ファイル\Actor\Walls\Wall</Filter>
    </ClCompile>
    <ClCompile Include="Score.cpp">
      <Filter>ソース ファイル</Filter>
    </ClCompile>
    <ClCompile Include="BlockEffect.cpp">
      <Filter>ソース ファイル\Actor\Effect</Filter>
    </ClCompile>
    <ClCompile Include="GrainBackGround.cpp">
      <Filter>ソース ファイル\Actor\BackGround</Filter>
    </ClCompile>
    <ClCompile Include="EffectFactory.cpp">
      <Filter>ソース ファイル\Actor\Effect</Filter>
    </ClCompile>
    <ClCompile Include="GrainBackGroundHaver.cpp">
      <Filter>ソース ファイル\Actor\BackGround</Filter>
    </ClCompile>
    <ClCompile Include="DeepestSpawner.cpp">
      <Filter>ソース ファイル\Actor</Filter>
    </ClCompile>
    <ClCompile Include="MoveComponent.cpp">
      <Filter>ソース ファイル\Component\Move</Filter>
    </ClCompile>
    <ClCompile Include="MovePlayerComponent.cpp">
      <Filter>ソース ファイル\Component\Move</Filter>
    </ClCompile>
    <ClCompile Include="HeadForTargetComponent.cpp">
      <Filter>ソース ファイル\Component\Move</Filter>
    </ClCompile>
    <ClCompile Include="SlowlyChangeScaleComponent.cpp">
      <Filter>ソース ファイル</Filter>
    </ClCompile>
  </ItemGroup>
  <ItemGroup>
    <ClInclude Include="main.h">
      <Filter>ヘッダー ファイル</Filter>
    </ClInclude>
    <ClInclude Include="Player.h">
      <Filter>ヘッダー ファイル\Actor</Filter>
    </ClInclude>
    <ClInclude Include="Actor.h">
      <Filter>ヘッダー ファイル\Actor</Filter>
    </ClInclude>
    <ClInclude Include="Component.h">
      <Filter>ヘッダー ファイル\Component</Filter>
    </ClInclude>
    <ClInclude Include="ModelComponent.h">
      <Filter>ヘッダー ファイル\Component</Filter>
    </ClInclude>
    <ClInclude Include="Game.h">
      <Filter>ヘッダー ファイル\Scene</Filter>
    </ClInclude>
    <ClInclude Include="Play.h">
      <Filter>ヘッダー ファイル\Scene</Filter>
    </ClInclude>
    <ClInclude Include="Scene.h">
      <Filter>ヘッダー ファイル\Scene</Filter>
    </ClInclude>
    <ClInclude Include="Title.h">
      <Filter>ヘッダー ファイル\Scene</Filter>
    </ClInclude>
    <ClInclude Include="BoxColliderComponent.h">
      <Filter>ヘッダー ファイル\Component</Filter>
    </ClInclude>
    <ClInclude Include="SphereColliderComponent.h">
      <Filter>ヘッダー ファイル\Component</Filter>
    </ClInclude>
    <ClInclude Include="CountDownComponent.h">
      <Filter>ヘッダー ファイル\Component</Filter>
    </ClInclude>
    <ClInclude Include="ActorManager.h">
      <Filter>ヘッダー ファイル\Actor</Filter>
    </ClInclude>
    <ClInclude Include="InputKey.h">
      <Filter>ヘッダー ファイル</Filter>
    </ClInclude>
    <ClInclude Include="WallCreateAndHaver.h">
      <Filter>ヘッダー ファイル\Actor\Walls</Filter>
    </ClInclude>
    <ClInclude Include="Renderer.h">
      <Filter>ヘッダー ファイル\Actor</Filter>
    </ClInclude>
    <ClInclude Include="Collider.h">
      <Filter>ヘッダー ファイル\Actor</Filter>
    </ClInclude>
    <ClInclude Include="GameSpeedManager.h">
      <Filter>ヘッダー ファイル</Filter>
    </ClInclude>
    <ClInclude Include="Clear.h">
      <Filter>ヘッダー ファイル\Scene</Filter>
    </ClInclude>
    <ClInclude Include="AddPointWall.h">
      <Filter>ヘッダー ファイル\Actor\Walls\Wall</Filter>
    </ClInclude>
    <ClInclude Include="AddSpeedWall.h">
      <Filter>ヘッダー ファイル\Actor\Walls\Wall</Filter>
    </ClInclude>
    <ClInclude Include="JammerWall.h">
      <Filter>ヘッダー ファイル\Actor\Walls\Wall</Filter>
    </ClInclude>
    <ClInclude Include="SuperWall.h">
      <Filter>ヘッダー ファイル\Actor\Walls\Wall</Filter>
    </ClInclude>
    <ClInclude Include="Wall.h">
      <Filter>ヘッダー ファイル\Actor\Walls\Wall</Filter>
    </ClInclude>
    <ClInclude Include="Score.h">
      <Filter>ヘッダー ファイル</Filter>
    </ClInclude>
    <ClInclude Include="BlockEffect.h">
      <Filter>ヘッダー ファイル\Actor\Effect</Filter>
    </ClInclude>
    <ClInclude Include="GrainBackGround.h">
      <Filter>ヘッダー ファイル\Actor\BackGround</Filter>
    </ClInclude>
    <ClInclude Include="EffectFactory.h">
      <Filter>ヘッダー ファイル\Actor\Effect</Filter>
    </ClInclude>
    <ClInclude Include="GrainBackGroundHaver.h">
      <Filter>ヘッダー ファイル\Actor\BackGround</Filter>
    </ClInclude>
    <ClInclude Include="DeepestSpawner.h">
      <Filter>ヘッダー ファイル\Actor</Filter>
    </ClInclude>
    <ClInclude Include="MovePlayerComponent.h">
      <Filter>ヘッダー ファイル\Component\Move</Filter>
    </ClInclude>
    <ClInclude Include="MoveComponent.h">
      <Filter>ヘッダー ファイル\Component\Move</Filter>
    </ClInclude>
    <ClInclude Include="HeadForTargetComponent.h">
      <Filter>ヘッダー ファイル\Component\Move</Filter>
    </ClInclude>
    <ClInclude Include="SlowlyChangeScaleComponent.h">
      <Filter>ヘッダー ファイル</Filter>
    </ClInclude>
  </ItemGroup>
</Project>